// !$*UTF8*$!
{
	archiveVersion = 1;
	classes = {
	};
	objectVersion = 50;
	objects = {

/* Begin PBXBuildFile section */
		5022C00825E32A650015F072 /* TabBarVC.swift in Sources */ = {isa = PBXBuildFile; fileRef = 5022C00725E32A650015F072 /* TabBarVC.swift */; };
		5022C00B25E36FC40015F072 /* NewStackVC.swift in Sources */ = {isa = PBXBuildFile; fileRef = 5022C00A25E36FC40015F072 /* NewStackVC.swift */; };
		5022C00E25E372510015F072 /* NootStackCell.swift in Sources */ = {isa = PBXBuildFile; fileRef = 5022C00D25E372500015F072 /* NootStackCell.swift */; };
		5022C01125E3772F0015F072 /* Supplement.swift in Sources */ = {isa = PBXBuildFile; fileRef = 5022C01025E3772F0015F072 /* Supplement.swift */; };
		50453A2C25E48743001A9E2C /* Section.swift in Sources */ = {isa = PBXBuildFile; fileRef = 50453A2B25E48743001A9E2C /* Section.swift */; };
		50453A3025E48786001A9E2C /* BasicGridSection.swift in Sources */ = {isa = PBXBuildFile; fileRef = 50453A2F25E48786001A9E2C /* BasicGridSection.swift */; };
		50453A3325E4878E001A9E2C /* TitleSection.swift in Sources */ = {isa = PBXBuildFile; fileRef = 50453A3225E4878E001A9E2C /* TitleSection.swift */; };
		50453A3625E48793001A9E2C /* FavoritesSection.swift in Sources */ = {isa = PBXBuildFile; fileRef = 50453A3525E48793001A9E2C /* FavoritesSection.swift */; };
		50453A3925E487BF001A9E2C /* FavoritesCell.swift in Sources */ = {isa = PBXBuildFile; fileRef = 50453A3825E487BF001A9E2C /* FavoritesCell.swift */; };
		50453A3C25E487C5001A9E2C /* FavoritesCell.xib in Resources */ = {isa = PBXBuildFile; fileRef = 50453A3B25E487C5001A9E2C /* FavoritesCell.xib */; };
		50453A3F25E487CC001A9E2C /* GridCell.swift in Sources */ = {isa = PBXBuildFile; fileRef = 50453A3E25E487CC001A9E2C /* GridCell.swift */; };
		50453A4225E487D0001A9E2C /* GridCell.xib in Resources */ = {isa = PBXBuildFile; fileRef = 50453A4125E487D0001A9E2C /* GridCell.xib */; };
		50453A4525E4884A001A9E2C /* TitleCell.swift in Sources */ = {isa = PBXBuildFile; fileRef = 50453A4425E48849001A9E2C /* TitleCell.swift */; };
		50453A4825E4884E001A9E2C /* TitleCell.xib in Resources */ = {isa = PBXBuildFile; fileRef = 50453A4725E4884E001A9E2C /* TitleCell.xib */; };
		50453A4E25E73054001A9E2C /* PastOrdersVC.swift in Sources */ = {isa = PBXBuildFile; fileRef = 50453A4D25E73054001A9E2C /* PastOrdersVC.swift */; };
		50453A5225E730A2001A9E2C /* Order.swift in Sources */ = {isa = PBXBuildFile; fileRef = 50453A5125E730A1001A9E2C /* Order.swift */; };
		50453A5825E73274001A9E2C /* PastOrderCell.swift in Sources */ = {isa = PBXBuildFile; fileRef = 50453A5725E73274001A9E2C /* PastOrderCell.swift */; };
		505CDF8325D218B9004A44B3 /* HomeVC.swift in Sources */ = {isa = PBXBuildFile; fileRef = 505CDF8225D218B9004A44B3 /* HomeVC.swift */; };
		505CDF8625D218CB004A44B3 /* LoginVC.swift in Sources */ = {isa = PBXBuildFile; fileRef = 505CDF8525D218CB004A44B3 /* LoginVC.swift */; };
		50B0324725C8C1AA00EE2EF1 /* AppDelegate.swift in Sources */ = {isa = PBXBuildFile; fileRef = 50B0324625C8C1AA00EE2EF1 /* AppDelegate.swift */; };
		50B0324925C8C1AA00EE2EF1 /* SceneDelegate.swift in Sources */ = {isa = PBXBuildFile; fileRef = 50B0324825C8C1AA00EE2EF1 /* SceneDelegate.swift */; };
		50B0324B25C8C1AA00EE2EF1 /* OnboardingVC.swift in Sources */ = {isa = PBXBuildFile; fileRef = 50B0324A25C8C1AA00EE2EF1 /* OnboardingVC.swift */; };
		50B0325025C8C1AC00EE2EF1 /* Assets.xcassets in Resources */ = {isa = PBXBuildFile; fileRef = 50B0324F25C8C1AC00EE2EF1 /* Assets.xcassets */; };
		50B0325325C8C1AC00EE2EF1 /* LaunchScreen.storyboard in Resources */ = {isa = PBXBuildFile; fileRef = 50B0325125C8C1AC00EE2EF1 /* LaunchScreen.storyboard */; };
		50D5975025CB79BC00DADBD2 /* OnboPageView.swift in Sources */ = {isa = PBXBuildFile; fileRef = 50D5974F25CB79BC00DADBD2 /* OnboPageView.swift */; };
/* End PBXBuildFile section */

/* Begin PBXFileReference section */
		5022C00725E32A650015F072 /* TabBarVC.swift */ = {isa = PBXFileReference; lastKnownFileType = sourcecode.swift; path = TabBarVC.swift; sourceTree = "<group>"; };
		5022C00A25E36FC40015F072 /* NewStackVC.swift */ = {isa = PBXFileReference; lastKnownFileType = sourcecode.swift; path = NewStackVC.swift; sourceTree = "<group>"; };
		5022C00D25E372500015F072 /* NootStackCell.swift */ = {isa = PBXFileReference; lastKnownFileType = sourcecode.swift; path = NootStackCell.swift; sourceTree = "<group>"; };
		5022C01025E3772F0015F072 /* Supplement.swift */ = {isa = PBXFileReference; lastKnownFileType = sourcecode.swift; path = Supplement.swift; sourceTree = "<group>"; };
		50453A2B25E48743001A9E2C /* Section.swift */ = {isa = PBXFileReference; fileEncoding = 4; lastKnownFileType = sourcecode.swift; path = Section.swift; sourceTree = "<group>"; };
		50453A2F25E48786001A9E2C /* BasicGridSection.swift */ = {isa = PBXFileReference; fileEncoding = 4; lastKnownFileType = sourcecode.swift; path = BasicGridSection.swift; sourceTree = "<group>"; };
		50453A3225E4878E001A9E2C /* TitleSection.swift */ = {isa = PBXFileReference; fileEncoding = 4; lastKnownFileType = sourcecode.swift; path = TitleSection.swift; sourceTree = "<group>"; };
		50453A3525E48793001A9E2C /* FavoritesSection.swift */ = {isa = PBXFileReference; fileEncoding = 4; lastKnownFileType = sourcecode.swift; path = FavoritesSection.swift; sourceTree = "<group>"; };
		50453A3825E487BF001A9E2C /* FavoritesCell.swift */ = {isa = PBXFileReference; fileEncoding = 4; lastKnownFileType = sourcecode.swift; path = FavoritesCell.swift; sourceTree = "<group>"; };
		50453A3B25E487C5001A9E2C /* FavoritesCell.xib */ = {isa = PBXFileReference; fileEncoding = 4; lastKnownFileType = file.xib; path = FavoritesCell.xib; sourceTree = "<group>"; };
		50453A3E25E487CC001A9E2C /* GridCell.swift */ = {isa = PBXFileReference; fileEncoding = 4; lastKnownFileType = sourcecode.swift; path = GridCell.swift; sourceTree = "<group>"; };
		50453A4125E487D0001A9E2C /* GridCell.xib */ = {isa = PBXFileReference; fileEncoding = 4; lastKnownFileType = file.xib; path = GridCell.xib; sourceTree = "<group>"; };
		50453A4425E48849001A9E2C /* TitleCell.swift */ = {isa = PBXFileReference; fileEncoding = 4; lastKnownFileType = sourcecode.swift; path = TitleCell.swift; sourceTree = "<group>"; };
		50453A4725E4884E001A9E2C /* TitleCell.xib */ = {isa = PBXFileReference; fileEncoding = 4; lastKnownFileType = file.xib; path = TitleCell.xib; sourceTree = "<group>"; };
		50453A4D25E73054001A9E2C /* PastOrdersVC.swift */ = {isa = PBXFileReference; lastKnownFileType = sourcecode.swift; path = PastOrdersVC.swift; sourceTree = "<group>"; };
		50453A5125E730A1001A9E2C /* Order.swift */ = {isa = PBXFileReference; lastKnownFileType = sourcecode.swift; path = Order.swift; sourceTree = "<group>"; };
		50453A5725E73274001A9E2C /* PastOrderCell.swift */ = {isa = PBXFileReference; lastKnownFileType = sourcecode.swift; path = PastOrderCell.swift; sourceTree = "<group>"; };
		505CDF8225D218B9004A44B3 /* HomeVC.swift */ = {isa = PBXFileReference; lastKnownFileType = sourcecode.swift; path = HomeVC.swift; sourceTree = "<group>"; };
		505CDF8525D218CB004A44B3 /* LoginVC.swift */ = {isa = PBXFileReference; lastKnownFileType = sourcecode.swift; path = LoginVC.swift; sourceTree = "<group>"; };
		50B0324325C8C1AA00EE2EF1 /* NootropicsSubscriptionBox.app */ = {isa = PBXFileReference; explicitFileType = wrapper.application; includeInIndex = 0; path = NootropicsSubscriptionBox.app; sourceTree = BUILT_PRODUCTS_DIR; };
		50B0324625C8C1AA00EE2EF1 /* AppDelegate.swift */ = {isa = PBXFileReference; lastKnownFileType = sourcecode.swift; path = AppDelegate.swift; sourceTree = "<group>"; };
		50B0324825C8C1AA00EE2EF1 /* SceneDelegate.swift */ = {isa = PBXFileReference; lastKnownFileType = sourcecode.swift; path = SceneDelegate.swift; sourceTree = "<group>"; };
		50B0324A25C8C1AA00EE2EF1 /* OnboardingVC.swift */ = {isa = PBXFileReference; lastKnownFileType = sourcecode.swift; path = OnboardingVC.swift; sourceTree = "<group>"; };
		50B0324F25C8C1AC00EE2EF1 /* Assets.xcassets */ = {isa = PBXFileReference; lastKnownFileType = folder.assetcatalog; path = Assets.xcassets; sourceTree = "<group>"; };
		50B0325225C8C1AC00EE2EF1 /* Base */ = {isa = PBXFileReference; lastKnownFileType = file.storyboard; name = Base; path = Base.lproj/LaunchScreen.storyboard; sourceTree = "<group>"; };
		50B0325425C8C1AC00EE2EF1 /* Info.plist */ = {isa = PBXFileReference; lastKnownFileType = text.plist.xml; path = Info.plist; sourceTree = "<group>"; };
		50D5974F25CB79BC00DADBD2 /* OnboPageView.swift */ = {isa = PBXFileReference; lastKnownFileType = sourcecode.swift; path = OnboPageView.swift; sourceTree = "<group>"; };
/* End PBXFileReference section */

/* Begin PBXFrameworksBuildPhase section */
		50B0324025C8C1AA00EE2EF1 /* Frameworks */ = {
			isa = PBXFrameworksBuildPhase;
			buildActionMask = 2147483647;
			files = (
			);
			runOnlyForDeploymentPostprocessing = 0;
		};
/* End PBXFrameworksBuildPhase section */

/* Begin PBXGroup section */
		50453A2E25E48770001A9E2C /* Section */ = {
			isa = PBXGroup;
			children = (
				505CDF7B25D21065004A44B3 /* View */,
				50453A2B25E48743001A9E2C /* Section.swift */,
				50453A3225E4878E001A9E2C /* TitleSection.swift */,
				50453A2F25E48786001A9E2C /* BasicGridSection.swift */,
				50453A3525E48793001A9E2C /* FavoritesSection.swift */,
			);
			path = Section;
			sourceTree = "<group>";
		};
		50453A4B25E72FD0001A9E2C /* NewStack */ = {
			isa = PBXGroup;
			children = (
				5022C00A25E36FC40015F072 /* NewStackVC.swift */,
				5022C00D25E372500015F072 /* NootStackCell.swift */,
			);
			path = NewStack;
			sourceTree = "<group>";
		};
		50453A4C25E73025001A9E2C /* PastOrders */ = {
			isa = PBXGroup;
			children = (
				50453A4D25E73054001A9E2C /* PastOrdersVC.swift */,
				50453A5725E73274001A9E2C /* PastOrderCell.swift */,
			);
			path = PastOrders;
			sourceTree = "<group>";
		};
		50453A5525E73225001A9E2C /* Onboarding */ = {
			isa = PBXGroup;
			children = (
				50D5974F25CB79BC00DADBD2 /* OnboPageView.swift */,
				50B0324A25C8C1AA00EE2EF1 /* OnboardingVC.swift */,
			);
			path = Onboarding;
			sourceTree = "<group>";
		};
		505CDF7B25D21065004A44B3 /* View */ = {
			isa = PBXGroup;
			children = (
				50453A4425E48849001A9E2C /* TitleCell.swift */,
				50453A4725E4884E001A9E2C /* TitleCell.xib */,
				50453A3E25E487CC001A9E2C /* GridCell.swift */,
				50453A4125E487D0001A9E2C /* GridCell.xib */,
				50453A3825E487BF001A9E2C /* FavoritesCell.swift */,
				50453A3B25E487C5001A9E2C /* FavoritesCell.xib */,
			);
			path = View;
			sourceTree = "<group>";
		};
		505CDF7C25D2106A004A44B3 /* Controller */ = {
			isa = PBXGroup;
			children = (
				505CDF8225D218B9004A44B3 /* HomeVC.swift */,
				505CDF8525D218CB004A44B3 /* LoginVC.swift */,
			);
			path = Controller;
			sourceTree = "<group>";
		};
		505CDF7D25D21070004A44B3 /* Model */ = {
			isa = PBXGroup;
			children = (
				5022C01025E3772F0015F072 /* Supplement.swift */,
				50453A5125E730A1001A9E2C /* Order.swift */,
			);
			path = Model;
			sourceTree = "<group>";
		};
		50B0323A25C8C1AA00EE2EF1 = {
			isa = PBXGroup;
			children = (
				50B0324525C8C1AA00EE2EF1 /* NootropicsSubscriptionBox */,
				50B0324425C8C1AA00EE2EF1 /* Products */,
			);
			sourceTree = "<group>";
		};
		50B0324425C8C1AA00EE2EF1 /* Products */ = {
			isa = PBXGroup;
			children = (
				50B0324325C8C1AA00EE2EF1 /* NootropicsSubscriptionBox.app */,
			);
			name = Products;
			sourceTree = "<group>";
		};
		50B0324525C8C1AA00EE2EF1 /* NootropicsSubscriptionBox */ = {
			isa = PBXGroup;
			children = (
				50453A5525E73225001A9E2C /* Onboarding */,
				50453A4C25E73025001A9E2C /* PastOrders */,
				50453A4B25E72FD0001A9E2C /* NewStack */,
				50453A2E25E48770001A9E2C /* Section */,
				505CDF7D25D21070004A44B3 /* Model */,
				505CDF7C25D2106A004A44B3 /* Controller */,
				5022C00725E32A650015F072 /* TabBarVC.swift */,
				50B0324625C8C1AA00EE2EF1 /* AppDelegate.swift */,
				50B0324825C8C1AA00EE2EF1 /* SceneDelegate.swift */,
				50B0324F25C8C1AC00EE2EF1 /* Assets.xcassets */,
				50B0325125C8C1AC00EE2EF1 /* LaunchScreen.storyboard */,
				50B0325425C8C1AC00EE2EF1 /* Info.plist */,
			);
			path = NootropicsSubscriptionBox;
			sourceTree = "<group>";
		};
/* End PBXGroup section */

/* Begin PBXNativeTarget section */
		50B0324225C8C1AA00EE2EF1 /* NootropicsSubscriptionBox */ = {
			isa = PBXNativeTarget;
			buildConfigurationList = 50B0325725C8C1AC00EE2EF1 /* Build configuration list for PBXNativeTarget "NootropicsSubscriptionBox" */;
			buildPhases = (
				50B0323F25C8C1AA00EE2EF1 /* Sources */,
				50B0324025C8C1AA00EE2EF1 /* Frameworks */,
				50B0324125C8C1AA00EE2EF1 /* Resources */,
			);
			buildRules = (
			);
			dependencies = (
			);
			name = NootropicsSubscriptionBox;
			productName = NootropicsSubscriptionBox;
			productReference = 50B0324325C8C1AA00EE2EF1 /* NootropicsSubscriptionBox.app */;
			productType = "com.apple.product-type.application";
		};
/* End PBXNativeTarget section */

/* Begin PBXProject section */
		50B0323B25C8C1AA00EE2EF1 /* Project object */ = {
			isa = PBXProject;
			attributes = {
				LastSwiftUpdateCheck = 1240;
				LastUpgradeCheck = 1240;
				TargetAttributes = {
					50B0324225C8C1AA00EE2EF1 = {
						CreatedOnToolsVersion = 12.4;
					};
				};
			};
			buildConfigurationList = 50B0323E25C8C1AA00EE2EF1 /* Build configuration list for PBXProject "NootropicsSubscriptionBox" */;
			compatibilityVersion = "Xcode 9.3";
			developmentRegion = en;
			hasScannedForEncodings = 0;
			knownRegions = (
				en,
				Base,
			);
			mainGroup = 50B0323A25C8C1AA00EE2EF1;
			productRefGroup = 50B0324425C8C1AA00EE2EF1 /* Products */;
			projectDirPath = "";
			projectRoot = "";
			targets = (
				50B0324225C8C1AA00EE2EF1 /* NootropicsSubscriptionBox */,
			);
		};
/* End PBXProject section */

/* Begin PBXResourcesBuildPhase section */
		50B0324125C8C1AA00EE2EF1 /* Resources */ = {
			isa = PBXResourcesBuildPhase;
			buildActionMask = 2147483647;
			files = (
				50B0325325C8C1AC00EE2EF1 /* LaunchScreen.storyboard in Resources */,
				50B0325025C8C1AC00EE2EF1 /* Assets.xcassets in Resources */,
				50453A3C25E487C5001A9E2C /* FavoritesCell.xib in Resources */,
				50453A4225E487D0001A9E2C /* GridCell.xib in Resources */,
				50453A4825E4884E001A9E2C /* TitleCell.xib in Resources */,
			);
			runOnlyForDeploymentPostprocessing = 0;
		};
/* End PBXResourcesBuildPhase section */

/* Begin PBXSourcesBuildPhase section */
		50B0323F25C8C1AA00EE2EF1 /* Sources */ = {
			isa = PBXSourcesBuildPhase;
			buildActionMask = 2147483647;
			files = (
				5022C01125E3772F0015F072 /* Supplement.swift in Sources */,
				5022C00825E32A650015F072 /* TabBarVC.swift in Sources */,
				50B0324B25C8C1AA00EE2EF1 /* OnboardingVC.swift in Sources */,
				50453A5225E730A2001A9E2C /* Order.swift in Sources */,
				505CDF8325D218B9004A44B3 /* HomeVC.swift in Sources */,
				50453A2C25E48743001A9E2C /* Section.swift in Sources */,
				505CDF8625D218CB004A44B3 /* LoginVC.swift in Sources */,
				5022C00B25E36FC40015F072 /* NewStackVC.swift in Sources */,
				50453A3625E48793001A9E2C /* FavoritesSection.swift in Sources */,
				50453A3925E487BF001A9E2C /* FavoritesCell.swift in Sources */,
				50453A4E25E73054001A9E2C /* PastOrdersVC.swift in Sources */,
				5022C00E25E372510015F072 /* NootStackCell.swift in Sources */,
				50B0324725C8C1AA00EE2EF1 /* AppDelegate.swift in Sources */,
				50B0324925C8C1AA00EE2EF1 /* SceneDelegate.swift in Sources */,
				50453A3025E48786001A9E2C /* BasicGridSection.swift in Sources */,
				50D5975025CB79BC00DADBD2 /* OnboPageView.swift in Sources */,
				50453A4525E4884A001A9E2C /* TitleCell.swift in Sources */,
				50453A3325E4878E001A9E2C /* TitleSection.swift in Sources */,
				50453A5825E73274001A9E2C /* PastOrderCell.swift in Sources */,
				50453A3F25E487CC001A9E2C /* GridCell.swift in Sources */,
			);
			runOnlyForDeploymentPostprocessing = 0;
		};
/* End PBXSourcesBuildPhase section */

/* Begin PBXVariantGroup section */
		50B0325125C8C1AC00EE2EF1 /* LaunchScreen.storyboard */ = {
			isa = PBXVariantGroup;
			children = (
				50B0325225C8C1AC00EE2EF1 /* Base */,
			);
			name = LaunchScreen.storyboard;
			sourceTree = "<group>";
		};
/* End PBXVariantGroup section */

/* Begin XCBuildConfiguration section */
		50B0325525C8C1AC00EE2EF1 /* Debug */ = {
			isa = XCBuildConfiguration;
			buildSettings = {
				ALWAYS_SEARCH_USER_PATHS = NO;
				CLANG_ANALYZER_NONNULL = YES;
				CLANG_ANALYZER_NUMBER_OBJECT_CONVERSION = YES_AGGRESSIVE;
				CLANG_CXX_LANGUAGE_STANDARD = "gnu++14";
				CLANG_CXX_LIBRARY = "libc++";
				CLANG_ENABLE_MODULES = YES;
				CLANG_ENABLE_OBJC_ARC = YES;
				CLANG_ENABLE_OBJC_WEAK = YES;
				CLANG_WARN_BLOCK_CAPTURE_AUTORELEASING = YES;
				CLANG_WARN_BOOL_CONVERSION = YES;
				CLANG_WARN_COMMA = YES;
				CLANG_WARN_CONSTANT_CONVERSION = YES;
				CLANG_WARN_DEPRECATED_OBJC_IMPLEMENTATIONS = YES;
				CLANG_WARN_DIRECT_OBJC_ISA_USAGE = YES_ERROR;
				CLANG_WARN_DOCUMENTATION_COMMENTS = YES;
				CLANG_WARN_EMPTY_BODY = YES;
				CLANG_WARN_ENUM_CONVERSION = YES;
				CLANG_WARN_INFINITE_RECURSION = YES;
				CLANG_WARN_INT_CONVERSION = YES;
				CLANG_WARN_NON_LITERAL_NULL_CONVERSION = YES;
				CLANG_WARN_OBJC_IMPLICIT_RETAIN_SELF = YES;
				CLANG_WARN_OBJC_LITERAL_CONVERSION = YES;
				CLANG_WARN_OBJC_ROOT_CLASS = YES_ERROR;
				CLANG_WARN_QUOTED_INCLUDE_IN_FRAMEWORK_HEADER = YES;
				CLANG_WARN_RANGE_LOOP_ANALYSIS = YES;
				CLANG_WARN_STRICT_PROTOTYPES = YES;
				CLANG_WARN_SUSPICIOUS_MOVE = YES;
				CLANG_WARN_UNGUARDED_AVAILABILITY = YES_AGGRESSIVE;
				CLANG_WARN_UNREACHABLE_CODE = YES;
				CLANG_WARN__DUPLICATE_METHOD_MATCH = YES;
				COPY_PHASE_STRIP = NO;
				DEBUG_INFORMATION_FORMAT = dwarf;
				ENABLE_STRICT_OBJC_MSGSEND = YES;
				ENABLE_TESTABILITY = YES;
				GCC_C_LANGUAGE_STANDARD = gnu11;
				GCC_DYNAMIC_NO_PIC = NO;
				GCC_NO_COMMON_BLOCKS = YES;
				GCC_OPTIMIZATION_LEVEL = 0;
				GCC_PREPROCESSOR_DEFINITIONS = (
					"DEBUG=1",
					"$(inherited)",
				);
				GCC_WARN_64_TO_32_BIT_CONVERSION = YES;
				GCC_WARN_ABOUT_RETURN_TYPE = YES_ERROR;
				GCC_WARN_UNDECLARED_SELECTOR = YES;
				GCC_WARN_UNINITIALIZED_AUTOS = YES_AGGRESSIVE;
				GCC_WARN_UNUSED_FUNCTION = YES;
				GCC_WARN_UNUSED_VARIABLE = YES;
				IPHONEOS_DEPLOYMENT_TARGET = 14.4;
				MTL_ENABLE_DEBUG_INFO = INCLUDE_SOURCE;
				MTL_FAST_MATH = YES;
				ONLY_ACTIVE_ARCH = YES;
				SDKROOT = iphoneos;
				SWIFT_ACTIVE_COMPILATION_CONDITIONS = DEBUG;
				SWIFT_OPTIMIZATION_LEVEL = "-Onone";
			};
			name = Debug;
		};
		50B0325625C8C1AC00EE2EF1 /* Release */ = {
			isa = XCBuildConfiguration;
			buildSettings = {
				ALWAYS_SEARCH_USER_PATHS = NO;
				CLANG_ANALYZER_NONNULL = YES;
				CLANG_ANALYZER_NUMBER_OBJECT_CONVERSION = YES_AGGRESSIVE;
				CLANG_CXX_LANGUAGE_STANDARD = "gnu++14";
				CLANG_CXX_LIBRARY = "libc++";
				CLANG_ENABLE_MODULES = YES;
				CLANG_ENABLE_OBJC_ARC = YES;
				CLANG_ENABLE_OBJC_WEAK = YES;
				CLANG_WARN_BLOCK_CAPTURE_AUTORELEASING = YES;
				CLANG_WARN_BOOL_CONVERSION = YES;
				CLANG_WARN_COMMA = YES;
				CLANG_WARN_CONSTANT_CONVERSION = YES;
				CLANG_WARN_DEPRECATED_OBJC_IMPLEMENTATIONS = YES;
				CLANG_WARN_DIRECT_OBJC_ISA_USAGE = YES_ERROR;
				CLANG_WARN_DOCUMENTATION_COMMENTS = YES;
				CLANG_WARN_EMPTY_BODY = YES;
				CLANG_WARN_ENUM_CONVERSION = YES;
				CLANG_WARN_INFINITE_RECURSION = YES;
				CLANG_WARN_INT_CONVERSION = YES;
				CLANG_WARN_NON_LITERAL_NULL_CONVERSION = YES;
				CLANG_WARN_OBJC_IMPLICIT_RETAIN_SELF = YES;
				CLANG_WARN_OBJC_LITERAL_CONVERSION = YES;
				CLANG_WARN_OBJC_ROOT_CLASS = YES_ERROR;
				CLANG_WARN_QUOTED_INCLUDE_IN_FRAMEWORK_HEADER = YES;
				CLANG_WARN_RANGE_LOOP_ANALYSIS = YES;
				CLANG_WARN_STRICT_PROTOTYPES = YES;
				CLANG_WARN_SUSPICIOUS_MOVE = YES;
				CLANG_WARN_UNGUARDED_AVAILABILITY = YES_AGGRESSIVE;
				CLANG_WARN_UNREACHABLE_CODE = YES;
				CLANG_WARN__DUPLICATE_METHOD_MATCH = YES;
				COPY_PHASE_STRIP = NO;
				DEBUG_INFORMATION_FORMAT = "dwarf-with-dsym";
				ENABLE_NS_ASSERTIONS = NO;
				ENABLE_STRICT_OBJC_MSGSEND = YES;
				GCC_C_LANGUAGE_STANDARD = gnu11;
				GCC_NO_COMMON_BLOCKS = YES;
				GCC_WARN_64_TO_32_BIT_CONVERSION = YES;
				GCC_WARN_ABOUT_RETURN_TYPE = YES_ERROR;
				GCC_WARN_UNDECLARED_SELECTOR = YES;
				GCC_WARN_UNINITIALIZED_AUTOS = YES_AGGRESSIVE;
				GCC_WARN_UNUSED_FUNCTION = YES;
				GCC_WARN_UNUSED_VARIABLE = YES;
				IPHONEOS_DEPLOYMENT_TARGET = 14.4;
				MTL_ENABLE_DEBUG_INFO = NO;
				MTL_FAST_MATH = YES;
				SDKROOT = iphoneos;
				SWIFT_COMPILATION_MODE = wholemodule;
				SWIFT_OPTIMIZATION_LEVEL = "-O";
				VALIDATE_PRODUCT = YES;
			};
			name = Release;
		};
		50B0325825C8C1AC00EE2EF1 /* Debug */ = {
			isa = XCBuildConfiguration;
			buildSettings = {
				ASSETCATALOG_COMPILER_APPICON_NAME = AppIcon;
				ASSETCATALOG_COMPILER_GLOBAL_ACCENT_COLOR_NAME = AccentColor;
				CODE_SIGN_STYLE = Automatic;
				INFOPLIST_FILE = NootropicsSubscriptionBox/Info.plist;
				LD_RUNPATH_SEARCH_PATHS = (
					"$(inherited)",
					"@executable_path/Frameworks",
				);
				PRODUCT_BUNDLE_IDENTIFIER = "Daydream-Society.NootropicsSubscriptionBox";
				PRODUCT_NAME = "$(TARGET_NAME)";
				SWIFT_VERSION = 5.0;
				TARGETED_DEVICE_FAMILY = "1,2";
			};
			name = Debug;
		};
		50B0325925C8C1AC00EE2EF1 /* Release */ = {
			isa = XCBuildConfiguration;
			buildSettings = {
				ASSETCATALOG_COMPILER_APPICON_NAME = AppIcon;
				ASSETCATALOG_COMPILER_GLOBAL_ACCENT_COLOR_NAME = AccentColor;
				CODE_SIGN_STYLE = Automatic;
				INFOPLIST_FILE = NootropicsSubscriptionBox/Info.plist;
				LD_RUNPATH_SEARCH_PATHS = (
					"$(inherited)",
					"@executable_path/Frameworks",
				);
				PRODUCT_BUNDLE_IDENTIFIER = "Daydream-Society.NootropicsSubscriptionBox";
				PRODUCT_NAME = "$(TARGET_NAME)";
				SWIFT_VERSION = 5.0;
				TARGETED_DEVICE_FAMILY = "1,2";
			};
			name = Release;
		};
/* End XCBuildConfiguration section */

/* Begin XCConfigurationList section */
		50B0323E25C8C1AA00EE2EF1 /* Build configuration list for PBXProject "NootropicsSubscriptionBox" */ = {
			isa = XCConfigurationList;
			buildConfigurations = (
				50B0325525C8C1AC00EE2EF1 /* Debug */,
				50B0325625C8C1AC00EE2EF1 /* Release */,
			);
			defaultConfigurationIsVisible = 0;
			defaultConfigurationName = Release;
		};
		50B0325725C8C1AC00EE2EF1 /* Build configuration list for PBXNativeTarget "NootropicsSubscriptionBox" */ = {
			isa = XCConfigurationList;
			buildConfigurations = (
				50B0325825C8C1AC00EE2EF1 /* Debug */,
				50B0325925C8C1AC00EE2EF1 /* Release */,
			);
			defaultConfigurationIsVisible = 0;
			defaultConfigurationName = Release;
		};
/* End XCConfigurationList section */
	};
	rootObject = 50B0323B25C8C1AA00EE2EF1 /* Project object */;
}
